// !$*UTF8*$!
{
	archiveVersion = 1;
	classes = {
	};
	objectVersion = 56;
	objects = {

/* Begin PBXBuildFile section */
		C6AFD41B2BADC13000065B26 /* AppDelegate.swift in Sources */ = {isa = PBXBuildFile; fileRef = C6AFD41A2BADC13000065B26 /* AppDelegate.swift */; };
		C6AFD41D2BADC13000065B26 /* SceneDelegate.swift in Sources */ = {isa = PBXBuildFile; fileRef = C6AFD41C2BADC13000065B26 /* SceneDelegate.swift */; };
		C6AFD41F2BADC13000065B26 /* ViewController.swift in Sources */ = {isa = PBXBuildFile; fileRef = C6AFD41E2BADC13000065B26 /* ViewController.swift */; };
		C6AFD4222BADC13000065B26 /* Base in Resources */ = {isa = PBXBuildFile; fileRef = C6AFD4212BADC13000065B26 /* Base */; };
		C6AFD4272BADC13100065B26 /* Base in Resources */ = {isa = PBXBuildFile; fileRef = C6AFD4262BADC13100065B26 /* Base */; };
		C6AFD4322BADC13200065B26 /* IosFeatureDemoTests.swift in Sources */ = {isa = PBXBuildFile; fileRef = C6AFD4312BADC13200065B26 /* IosFeatureDemoTests.swift */; };
		C6AFD43C2BADC13200065B26 /* IosFeatureDemoUITests.swift in Sources */ = {isa = PBXBuildFile; fileRef = C6AFD43B2BADC13200065B26 /* IosFeatureDemoUITests.swift */; };
		C6AFD43E2BADC13200065B26 /* IosFeatureDemoUITestsLaunchTests.swift in Sources */ = {isa = PBXBuildFile; fileRef = C6AFD43D2BADC13200065B26 /* IosFeatureDemoUITestsLaunchTests.swift */; };
		C6AFD4552BADD75000065B26 /* fish.png in Resources */ = {isa = PBXBuildFile; fileRef = C6AFD4542BADD75000065B26 /* fish.png */; };
		C6AFD45A2BADD9FB00065B26 /* sample.mp3 in Resources */ = {isa = PBXBuildFile; fileRef = C6AFD4592BADD9FB00065B26 /* sample.mp3 */; };
		C6AFD45C2BAE451200065B26 /* WebViewController.swift in Sources */ = {isa = PBXBuildFile; fileRef = C6AFD45B2BAE451200065B26 /* WebViewController.swift */; };
/* End PBXBuildFile section */

/* Begin PBXContainerItemProxy section */
		C6AFD42E2BADC13200065B26 /* PBXContainerItemProxy */ = {
			isa = PBXContainerItemProxy;
			containerPortal = C6AFD40F2BADC13000065B26 /* Project object */;
			proxyType = 1;
			remoteGlobalIDString = C6AFD4162BADC13000065B26;
			remoteInfo = IosFeatureDemo;
		};
		C6AFD4382BADC13200065B26 /* PBXContainerItemProxy */ = {
			isa = PBXContainerItemProxy;
			containerPortal = C6AFD40F2BADC13000065B26 /* Project object */;
			proxyType = 1;
			remoteGlobalIDString = C6AFD4162BADC13000065B26;
			remoteInfo = IosFeatureDemo;
		};
/* End PBXContainerItemProxy section */

/* Begin PBXFileReference section */
		C6AFD4172BADC13000065B26 /* IosFeatureDemo.app */ = {isa = PBXFileReference; explicitFileType = wrapper.application; includeInIndex = 0; path = IosFeatureDemo.app; sourceTree = BUILT_PRODUCTS_DIR; };
		C6AFD41A2BADC13000065B26 /* AppDelegate.swift */ = {isa = PBXFileReference; lastKnownFileType = sourcecode.swift; path = AppDelegate.swift; sourceTree = "<group>"; };
		C6AFD41C2BADC13000065B26 /* SceneDelegate.swift */ = {isa = PBXFileReference; lastKnownFileType = sourcecode.swift; path = SceneDelegate.swift; sourceTree = "<group>"; };
		C6AFD41E2BADC13000065B26 /* ViewController.swift */ = {isa = PBXFileReference; lastKnownFileType = sourcecode.swift; path = ViewController.swift; sourceTree = "<group>"; };
		C6AFD4212BADC13000065B26 /* Base */ = {isa = PBXFileReference; lastKnownFileType = file.storyboard; name = Base; path = Base.lproj/Main.storyboard; sourceTree = "<group>"; };
		C6AFD4262BADC13100065B26 /* Base */ = {isa = PBXFileReference; lastKnownFileType = file.storyboard; name = Base; path = Base.lproj/LaunchScreen.storyboard; sourceTree = "<group>"; };
		C6AFD4282BADC13100065B26 /* Info.plist */ = {isa = PBXFileReference; lastKnownFileType = text.plist.xml; path = Info.plist; sourceTree = "<group>"; };
		C6AFD42D2BADC13200065B26 /* IosFeatureDemoTests.xctest */ = {isa = PBXFileReference; explicitFileType = wrapper.cfbundle; includeInIndex = 0; path = IosFeatureDemoTests.xctest; sourceTree = BUILT_PRODUCTS_DIR; };
		C6AFD4312BADC13200065B26 /* IosFeatureDemoTests.swift */ = {isa = PBXFileReference; lastKnownFileType = sourcecode.swift; path = IosFeatureDemoTests.swift; sourceTree = "<group>"; };
		C6AFD4372BADC13200065B26 /* IosFeatureDemoUITests.xctest */ = {isa = PBXFileReference; explicitFileType = wrapper.cfbundle; includeInIndex = 0; path = IosFeatureDemoUITests.xctest; sourceTree = BUILT_PRODUCTS_DIR; };
		C6AFD43B2BADC13200065B26 /* IosFeatureDemoUITests.swift */ = {isa = PBXFileReference; lastKnownFileType = sourcecode.swift; path = IosFeatureDemoUITests.swift; sourceTree = "<group>"; };
		C6AFD43D2BADC13200065B26 /* IosFeatureDemoUITestsLaunchTests.swift */ = {isa = PBXFileReference; lastKnownFileType = sourcecode.swift; path = IosFeatureDemoUITestsLaunchTests.swift; sourceTree = "<group>"; };
		C6AFD44B2BADC17800065B26 /* README.md */ = {isa = PBXFileReference; lastKnownFileType = net.daringfireball.markdown; path = README.md; sourceTree = "<group>"; };
		C6AFD44C2BADC1AA00065B26 /* .gitignore */ = {isa = PBXFileReference; lastKnownFileType = text; path = .gitignore; sourceTree = "<group>"; };
		C6AFD4542BADD75000065B26 /* fish.png */ = {isa = PBXFileReference; lastKnownFileType = image.png; path = fish.png; sourceTree = "<group>"; };
		C6AFD4592BADD9FB00065B26 /* sample.mp3 */ = {isa = PBXFileReference; lastKnownFileType = audio.mp3; path = sample.mp3; sourceTree = "<group>"; };
		C6AFD45B2BAE451200065B26 /* WebViewController.swift */ = {isa = PBXFileReference; lastKnownFileType = sourcecode.swift; path = WebViewController.swift; sourceTree = "<group>"; };
/* End PBXFileReference section */

/* Begin PBXFrameworksBuildPhase section */
		C6AFD4142BADC13000065B26 /* Frameworks */ = {
			isa = PBXFrameworksBuildPhase;
			buildActionMask = 2147483647;
			files = (
			);
			runOnlyForDeploymentPostprocessing = 0;
		};
		C6AFD42A2BADC13200065B26 /* Frameworks */ = {
			isa = PBXFrameworksBuildPhase;
			buildActionMask = 2147483647;
			files = (
			);
			runOnlyForDeploymentPostprocessing = 0;
		};
		C6AFD4342BADC13200065B26 /* Frameworks */ = {
			isa = PBXFrameworksBuildPhase;
			buildActionMask = 2147483647;
			files = (
			);
			runOnlyForDeploymentPostprocessing = 0;
		};
/* End PBXFrameworksBuildPhase section */

/* Begin PBXGroup section */
		C6AFD40E2BADC13000065B26 = {
			isa = PBXGroup;
			children = (
				C6AFD44C2BADC1AA00065B26 /* .gitignore */,
				C6AFD44B2BADC17800065B26 /* README.md */,
				C6AFD4192BADC13000065B26 /* IosFeatureDemo */,
				C6AFD4302BADC13200065B26 /* IosFeatureDemoTests */,
				C6AFD43A2BADC13200065B26 /* IosFeatureDemoUITests */,
				C6AFD4182BADC13000065B26 /* Products */,
			);
			sourceTree = "<group>";
		};
		C6AFD4182BADC13000065B26 /* Products */ = {
			isa = PBXGroup;
			children = (
				C6AFD4172BADC13000065B26 /* IosFeatureDemo.app */,
				C6AFD42D2BADC13200065B26 /* IosFeatureDemoTests.xctest */,
				C6AFD4372BADC13200065B26 /* IosFeatureDemoUITests.xctest */,
			);
			name = Products;
			sourceTree = "<group>";
		};
		C6AFD4192BADC13000065B26 /* IosFeatureDemo */ = {
			isa = PBXGroup;
			children = (
				C6AFD4562BADD9CD00065B26 /* Assets */,
				C6AFD41A2BADC13000065B26 /* AppDelegate.swift */,
				C6AFD41C2BADC13000065B26 /* SceneDelegate.swift */,
				C6AFD41E2BADC13000065B26 /* ViewController.swift */,
				C6AFD4202BADC13000065B26 /* Main.storyboard */,
				C6AFD4252BADC13100065B26 /* LaunchScreen.storyboard */,
				C6AFD4282BADC13100065B26 /* Info.plist */,
				C6AFD45B2BAE451200065B26 /* WebViewController.swift */,
			);
			path = IosFeatureDemo;
			sourceTree = "<group>";
		};
		C6AFD4302BADC13200065B26 /* IosFeatureDemoTests */ = {
			isa = PBXGroup;
			children = (
				C6AFD4312BADC13200065B26 /* IosFeatureDemoTests.swift */,
			);
			path = IosFeatureDemoTests;
			sourceTree = "<group>";
		};
		C6AFD43A2BADC13200065B26 /* IosFeatureDemoUITests */ = {
			isa = PBXGroup;
			children = (
				C6AFD43B2BADC13200065B26 /* IosFeatureDemoUITests.swift */,
				C6AFD43D2BADC13200065B26 /* IosFeatureDemoUITestsLaunchTests.swift */,
			);
			path = IosFeatureDemoUITests;
			sourceTree = "<group>";
		};
		C6AFD4562BADD9CD00065B26 /* Assets */ = {
			isa = PBXGroup;
			children = (
				C6AFD4582BADD9EC00065B26 /* sounds */,
				C6AFD4572BADD9D700065B26 /* images */,
			);
			path = Assets;
			sourceTree = "<group>";
		};
		C6AFD4572BADD9D700065B26 /* images */ = {
			isa = PBXGroup;
			children = (
				C6AFD4542BADD75000065B26 /* fish.png */,
			);
			path = images;
			sourceTree = "<group>";
		};
		C6AFD4582BADD9EC00065B26 /* sounds */ = {
			isa = PBXGroup;
			children = (
				C6AFD4592BADD9FB00065B26 /* sample.mp3 */,
			);
			path = sounds;
			sourceTree = "<group>";
		};
/* End PBXGroup section */

/* Begin PBXNativeTarget section */
		C6AFD4162BADC13000065B26 /* IosFeatureDemo */ = {
			isa = PBXNativeTarget;
			buildConfigurationList = C6AFD4412BADC13200065B26 /* Build configuration list for PBXNativeTarget "IosFeatureDemo" */;
			buildPhases = (
				C6AFD4132BADC13000065B26 /* Sources */,
				C6AFD4142BADC13000065B26 /* Frameworks */,
				C6AFD4152BADC13000065B26 /* Resources */,
			);
			buildRules = (
			);
			dependencies = (
			);
			name = IosFeatureDemo;
			productName = IosFeatureDemo;
			productReference = C6AFD4172BADC13000065B26 /* IosFeatureDemo.app */;
			productType = "com.apple.product-type.application";
		};
		C6AFD42C2BADC13200065B26 /* IosFeatureDemoTests */ = {
			isa = PBXNativeTarget;
			buildConfigurationList = C6AFD4442BADC13200065B26 /* Build configuration list for PBXNativeTarget "IosFeatureDemoTests" */;
			buildPhases = (
				C6AFD4292BADC13200065B26 /* Sources */,
				C6AFD42A2BADC13200065B26 /* Frameworks */,
				C6AFD42B2BADC13200065B26 /* Resources */,
			);
			buildRules = (
			);
			dependencies = (
				C6AFD42F2BADC13200065B26 /* PBXTargetDependency */,
			);
			name = IosFeatureDemoTests;
			productName = IosFeatureDemoTests;
			productReference = C6AFD42D2BADC13200065B26 /* IosFeatureDemoTests.xctest */;
			productType = "com.apple.product-type.bundle.unit-test";
		};
		C6AFD4362BADC13200065B26 /* IosFeatureDemoUITests */ = {
			isa = PBXNativeTarget;
			buildConfigurationList = C6AFD4472BADC13200065B26 /* Build configuration list for PBXNativeTarget "IosFeatureDemoUITests" */;
			buildPhases = (
				C6AFD4332BADC13200065B26 /* Sources */,
				C6AFD4342BADC13200065B26 /* Frameworks */,
				C6AFD4352BADC13200065B26 /* Resources */,
			);
			buildRules = (
			);
			dependencies = (
				C6AFD4392BADC13200065B26 /* PBXTargetDependency */,
			);
			name = IosFeatureDemoUITests;
			productName = IosFeatureDemoUITests;
			productReference = C6AFD4372BADC13200065B26 /* IosFeatureDemoUITests.xctest */;
			productType = "com.apple.product-type.bundle.ui-testing";
		};
/* End PBXNativeTarget section */

/* Begin PBXProject section */
		C6AFD40F2BADC13000065B26 /* Project object */ = {
			isa = PBXProject;
			attributes = {
				BuildIndependentTargetsInParallel = 1;
				LastSwiftUpdateCheck = 1530;
				LastUpgradeCheck = 1530;
				TargetAttributes = {
					C6AFD4162BADC13000065B26 = {
						CreatedOnToolsVersion = 15.3;
					};
					C6AFD42C2BADC13200065B26 = {
						CreatedOnToolsVersion = 15.3;
						TestTargetID = C6AFD4162BADC13000065B26;
					};
					C6AFD4362BADC13200065B26 = {
						CreatedOnToolsVersion = 15.3;
						TestTargetID = C6AFD4162BADC13000065B26;
					};
				};
			};
			buildConfigurationList = C6AFD4122BADC13000065B26 /* Build configuration list for PBXProject "IosFeatureDemo" */;
			compatibilityVersion = "Xcode 14.0";
			developmentRegion = en;
			hasScannedForEncodings = 0;
			knownRegions = (
				en,
				Base,
			);
			mainGroup = C6AFD40E2BADC13000065B26;
			productRefGroup = C6AFD4182BADC13000065B26 /* Products */;
			projectDirPath = "";
			projectRoot = "";
			targets = (
				C6AFD4162BADC13000065B26 /* IosFeatureDemo */,
				C6AFD42C2BADC13200065B26 /* IosFeatureDemoTests */,
				C6AFD4362BADC13200065B26 /* IosFeatureDemoUITests */,
			);
		};
/* End PBXProject section */

/* Begin PBXResourcesBuildPhase section */
		C6AFD4152BADC13000065B26 /* Resources */ = {
			isa = PBXResourcesBuildPhase;
			buildActionMask = 2147483647;
			files = (
				C6AFD4272BADC13100065B26 /* Base in Resources */,
				C6AFD4222BADC13000065B26 /* Base in Resources */,
				C6AFD45A2BADD9FB00065B26 /* sample.mp3 in Resources */,
				C6AFD4552BADD75000065B26 /* fish.png in Resources */,
			);
			runOnlyForDeploymentPostprocessing = 0;
		};
		C6AFD42B2BADC13200065B26 /* Resources */ = {
			isa = PBXResourcesBuildPhase;
			buildActionMask = 2147483647;
			files = (
			);
			runOnlyForDeploymentPostprocessing = 0;
		};
		C6AFD4352BADC13200065B26 /* Resources */ = {
			isa = PBXResourcesBuildPhase;
			buildActionMask = 2147483647;
			files = (
			);
			runOnlyForDeploymentPostprocessing = 0;
		};
/* End PBXResourcesBuildPhase section */

/* Begin PBXSourcesBuildPhase section */
		C6AFD4132BADC13000065B26 /* Sources */ = {
			isa = PBXSourcesBuildPhase;
			buildActionMask = 2147483647;
			files = (
				C6AFD41F2BADC13000065B26 /* ViewController.swift in Sources */,
				C6AFD41B2BADC13000065B26 /* AppDelegate.swift in Sources */,
				C6AFD41D2BADC13000065B26 /* SceneDelegate.swift in Sources */,
				C6AFD45C2BAE451200065B26 /* WebViewController.swift in Sources */,
			);
			runOnlyForDeploymentPostprocessing = 0;
		};
		C6AFD4292BADC13200065B26 /* Sources */ = {
			isa = PBXSourcesBuildPhase;
			buildActionMask = 2147483647;
			files = (
				C6AFD4322BADC13200065B26 /* IosFeatureDemoTests.swift in Sources */,
			);
			runOnlyForDeploymentPostprocessing = 0;
		};
		C6AFD4332BADC13200065B26 /* Sources */ = {
			isa = PBXSourcesBuildPhase;
			buildActionMask = 2147483647;
			files = (
				C6AFD43E2BADC13200065B26 /* IosFeatureDemoUITestsLaunchTests.swift in Sources */,
				C6AFD43C2BADC13200065B26 /* IosFeatureDemoUITests.swift in Sources */,
			);
			runOnlyForDeploymentPostprocessing = 0;
		};
/* End PBXSourcesBuildPhase section */

/* Begin PBXTargetDependency section */
		C6AFD42F2BADC13200065B26 /* PBXTargetDependency */ = {
			isa = PBXTargetDependency;
			target = C6AFD4162BADC13000065B26 /* IosFeatureDemo */;
			targetProxy = C6AFD42E2BADC13200065B26 /* PBXContainerItemProxy */;
		};
		C6AFD4392BADC13200065B26 /* PBXTargetDependency */ = {
			isa = PBXTargetDependency;
			target = C6AFD4162BADC13000065B26 /* IosFeatureDemo */;
			targetProxy = C6AFD4382BADC13200065B26 /* PBXContainerItemProxy */;
		};
/* End PBXTargetDependency section */

/* Begin PBXVariantGroup section */
		C6AFD4202BADC13000065B26 /* Main.storyboard */ = {
			isa = PBXVariantGroup;
			children = (
				C6AFD4212BADC13000065B26 /* Base */,
			);
			name = Main.storyboard;
			sourceTree = "<group>";
		};
		C6AFD4252BADC13100065B26 /* LaunchScreen.storyboard */ = {
			isa = PBXVariantGroup;
			children = (
				C6AFD4262BADC13100065B26 /* Base */,
			);
			name = LaunchScreen.storyboard;
			sourceTree = "<group>";
		};
/* End PBXVariantGroup section */

/* Begin XCBuildConfiguration section */
		C6AFD43F2BADC13200065B26 /* Debug */ = {
			isa = XCBuildConfiguration;
			buildSettings = {
				ALWAYS_SEARCH_USER_PATHS = NO;
				ASSETCATALOG_COMPILER_GENERATE_SWIFT_ASSET_SYMBOL_EXTENSIONS = YES;
				CLANG_ANALYZER_NONNULL = YES;
				CLANG_ANALYZER_NUMBER_OBJECT_CONVERSION = YES_AGGRESSIVE;
				CLANG_CXX_LANGUAGE_STANDARD = "gnu++20";
				CLANG_ENABLE_MODULES = YES;
				CLANG_ENABLE_OBJC_ARC = YES;
				CLANG_ENABLE_OBJC_WEAK = YES;
				CLANG_WARN_BLOCK_CAPTURE_AUTORELEASING = YES;
				CLANG_WARN_BOOL_CONVERSION = YES;
				CLANG_WARN_COMMA = YES;
				CLANG_WARN_CONSTANT_CONVERSION = YES;
				CLANG_WARN_DEPRECATED_OBJC_IMPLEMENTATIONS = YES;
				CLANG_WARN_DIRECT_OBJC_ISA_USAGE = YES_ERROR;
				CLANG_WARN_DOCUMENTATION_COMMENTS = YES;
				CLANG_WARN_EMPTY_BODY = YES;
				CLANG_WARN_ENUM_CONVERSION = YES;
				CLANG_WARN_INFINITE_RECURSION = YES;
				CLANG_WARN_INT_CONVERSION = YES;
				CLANG_WARN_NON_LITERAL_NULL_CONVERSION = YES;
				CLANG_WARN_OBJC_IMPLICIT_RETAIN_SELF = YES;
				CLANG_WARN_OBJC_LITERAL_CONVERSION = YES;
				CLANG_WARN_OBJC_ROOT_CLASS = YES_ERROR;
				CLANG_WARN_QUOTED_INCLUDE_IN_FRAMEWORK_HEADER = YES;
				CLANG_WARN_RANGE_LOOP_ANALYSIS = YES;
				CLANG_WARN_STRICT_PROTOTYPES = YES;
				CLANG_WARN_SUSPICIOUS_MOVE = YES;
				CLANG_WARN_UNGUARDED_AVAILABILITY = YES_AGGRESSIVE;
				CLANG_WARN_UNREACHABLE_CODE = YES;
				CLANG_WARN__DUPLICATE_METHOD_MATCH = YES;
				COPY_PHASE_STRIP = NO;
				DEBUG_INFORMATION_FORMAT = dwarf;
				ENABLE_STRICT_OBJC_MSGSEND = YES;
				ENABLE_TESTABILITY = YES;
				ENABLE_USER_SCRIPT_SANDBOXING = YES;
				GCC_C_LANGUAGE_STANDARD = gnu17;
				GCC_DYNAMIC_NO_PIC = NO;
				GCC_NO_COMMON_BLOCKS = YES;
				GCC_OPTIMIZATION_LEVEL = 0;
				GCC_PREPROCESSOR_DEFINITIONS = (
					"DEBUG=1",
					"$(inherited)",
				);
				GCC_WARN_64_TO_32_BIT_CONVERSION = YES;
				GCC_WARN_ABOUT_RETURN_TYPE = YES_ERROR;
				GCC_WARN_UNDECLARED_SELECTOR = YES;
				GCC_WARN_UNINITIALIZED_AUTOS = YES_AGGRESSIVE;
				GCC_WARN_UNUSED_FUNCTION = YES;
				GCC_WARN_UNUSED_VARIABLE = YES;
				IPHONEOS_DEPLOYMENT_TARGET = 17.4;
				LOCALIZATION_PREFERS_STRING_CATALOGS = YES;
				MTL_ENABLE_DEBUG_INFO = INCLUDE_SOURCE;
				MTL_FAST_MATH = YES;
				ONLY_ACTIVE_ARCH = YES;
				SDKROOT = iphoneos;
				SWIFT_ACTIVE_COMPILATION_CONDITIONS = "DEBUG $(inherited)";
				SWIFT_OPTIMIZATION_LEVEL = "-Onone";
			};
			name = Debug;
		};
		C6AFD4402BADC13200065B26 /* Release */ = {
			isa = XCBuildConfiguration;
			buildSettings = {
				ALWAYS_SEARCH_USER_PATHS = NO;
				ASSETCATALOG_COMPILER_GENERATE_SWIFT_ASSET_SYMBOL_EXTENSIONS = YES;
				CLANG_ANALYZER_NONNULL = YES;
				CLANG_ANALYZER_NUMBER_OBJECT_CONVERSION = YES_AGGRESSIVE;
				CLANG_CXX_LANGUAGE_STANDARD = "gnu++20";
				CLANG_ENABLE_MODULES = YES;
				CLANG_ENABLE_OBJC_ARC = YES;
				CLANG_ENABLE_OBJC_WEAK = YES;
				CLANG_WARN_BLOCK_CAPTURE_AUTORELEASING = YES;
				CLANG_WARN_BOOL_CONVERSION = YES;
				CLANG_WARN_COMMA = YES;
				CLANG_WARN_CONSTANT_CONVERSION = YES;
				CLANG_WARN_DEPRECATED_OBJC_IMPLEMENTATIONS = YES;
				CLANG_WARN_DIRECT_OBJC_ISA_USAGE = YES_ERROR;
				CLANG_WARN_DOCUMENTATION_COMMENTS = YES;
				CLANG_WARN_EMPTY_BODY = YES;
				CLANG_WARN_ENUM_CONVERSION = YES;
				CLANG_WARN_INFINITE_RECURSION = YES;
				CLANG_WARN_INT_CONVERSION = YES;
				CLANG_WARN_NON_LITERAL_NULL_CONVERSION = YES;
				CLANG_WARN_OBJC_IMPLICIT_RETAIN_SELF = YES;
				CLANG_WARN_OBJC_LITERAL_CONVERSION = YES;
				CLANG_WARN_OBJC_ROOT_CLASS = YES_ERROR;
				CLANG_WARN_QUOTED_INCLUDE_IN_FRAMEWORK_HEADER = YES;
				CLANG_WARN_RANGE_LOOP_ANALYSIS = YES;
				CLANG_WARN_STRICT_PROTOTYPES = YES;
				CLANG_WARN_SUSPICIOUS_MOVE = YES;
				CLANG_WARN_UNGUARDED_AVAILABILITY = YES_AGGRESSIVE;
				CLANG_WARN_UNREACHABLE_CODE = YES;
				CLANG_WARN__DUPLICATE_METHOD_MATCH = YES;
				COPY_PHASE_STRIP = NO;
				DEBUG_INFORMATION_FORMAT = "dwarf-with-dsym";
				ENABLE_NS_ASSERTIONS = NO;
				ENABLE_STRICT_OBJC_MSGSEND = YES;
				ENABLE_USER_SCRIPT_SANDBOXING = YES;
				GCC_C_LANGUAGE_STANDARD = gnu17;
				GCC_NO_COMMON_BLOCKS = YES;
				GCC_WARN_64_TO_32_BIT_CONVERSION = YES;
				GCC_WARN_ABOUT_RETURN_TYPE = YES_ERROR;
				GCC_WARN_UNDECLARED_SELECTOR = YES;
				GCC_WARN_UNINITIALIZED_AUTOS = YES_AGGRESSIVE;
				GCC_WARN_UNUSED_FUNCTION = YES;
				GCC_WARN_UNUSED_VARIABLE = YES;
				IPHONEOS_DEPLOYMENT_TARGET = 17.4;
				LOCALIZATION_PREFERS_STRING_CATALOGS = YES;
				MTL_ENABLE_DEBUG_INFO = NO;
				MTL_FAST_MATH = YES;
				SDKROOT = iphoneos;
				SWIFT_COMPILATION_MODE = wholemodule;
				VALIDATE_PRODUCT = YES;
			};
			name = Release;
		};
		C6AFD4422BADC13200065B26 /* Debug */ = {
			isa = XCBuildConfiguration;
			buildSettings = {
				ASSETCATALOG_COMPILER_APPICON_NAME = AppIcon;
				ASSETCATALOG_COMPILER_GLOBAL_ACCENT_COLOR_NAME = AccentColor;
				CODE_SIGN_STYLE = Automatic;
				CURRENT_PROJECT_VERSION = 1;
				GENERATE_INFOPLIST_FILE = YES;
				INFOPLIST_FILE = IosFeatureDemo/Info.plist;
				INFOPLIST_KEY_UIApplicationSupportsIndirectInputEvents = YES;
				INFOPLIST_KEY_UILaunchStoryboardName = LaunchScreen;
				INFOPLIST_KEY_UIMainStoryboardFile = Main;
				INFOPLIST_KEY_UISupportedInterfaceOrientations_iPad = "UIInterfaceOrientationPortrait UIInterfaceOrientationPortraitUpsideDown UIInterfaceOrientationLandscapeLeft UIInterfaceOrientationLandscapeRight";
				INFOPLIST_KEY_UISupportedInterfaceOrientations_iPhone = "UIInterfaceOrientationPortrait UIInterfaceOrientationLandscapeLeft UIInterfaceOrientationLandscapeRight";
				LD_RUNPATH_SEARCH_PATHS = (
					"$(inherited)",
					"@executable_path/Frameworks",
				);
				MARKETING_VERSION = 1.0;
				PRODUCT_BUNDLE_IDENTIFIER = com.minios.IosFeatureDemo;
				PRODUCT_NAME = "$(TARGET_NAME)";
				SWIFT_EMIT_LOC_STRINGS = YES;
				SWIFT_VERSION = 5.0;
				TARGETED_DEVICE_FAMILY = "1,2";
			};
			name = Debug;
		};
		C6AFD4432BADC13200065B26 /* Release */ = {
			isa = XCBuildConfiguration;
			buildSettings = {
				ASSETCATALOG_COMPILER_APPICON_NAME = AppIcon;
				ASSETCATALOG_COMPILER_GLOBAL_ACCENT_COLOR_NAME = AccentColor;
				CODE_SIGN_STYLE = Automatic;
				CURRENT_PROJECT_VERSION = 1;
				GENERATE_INFOPLIST_FILE = YES;
				INFOPLIST_FILE = IosFeatureDemo/Info.plist;
				INFOPLIST_KEY_UIApplicationSupportsIndirectInputEvents = YES;
				INFOPLIST_KEY_UILaunchStoryboardName = LaunchScreen;
				INFOPLIST_KEY_UIMainStoryboardFile = Main;
				INFOPLIST_KEY_UISupportedInterfaceOrientations_iPad = "UIInterfaceOrientationPortrait UIInterfaceOrientationPortraitUpsideDown UIInterfaceOrientationLandscapeLeft UIInterfaceOrientationLandscapeRight";
				INFOPLIST_KEY_UISupportedInterfaceOrientations_iPhone = "UIInterfaceOrientationPortrait UIInterfaceOrientationLandscapeLeft UIInterfaceOrientationLandscapeRight";
				LD_RUNPATH_SEARCH_PATHS = (
					"$(inherited)",
					"@executable_path/Frameworks",
				);
				MARKETING_VERSION = 1.0;
				PRODUCT_BUNDLE_IDENTIFIER = com.minios.IosFeatureDemo;
				PRODUCT_NAME = "$(TARGET_NAME)";
				SWIFT_EMIT_LOC_STRINGS = YES;
				SWIFT_VERSION = 5.0;
				TARGETED_DEVICE_FAMILY = "1,2";
			};
			name = Release;
		};
		C6AFD4452BADC13200065B26 /* Debug */ = {
			isa = XCBuildConfiguration;
			buildSettings = {
				ALWAYS_EMBED_SWIFT_STANDARD_LIBRARIES = YES;
				BUNDLE_LOADER = "$(TEST_HOST)";
				CODE_SIGN_STYLE = Automatic;
				CURRENT_PROJECT_VERSION = 1;
				GENERATE_INFOPLIST_FILE = YES;
				IPHONEOS_DEPLOYMENT_TARGET = 17.4;
				MARKETING_VERSION = 1.0;
				PRODUCT_BUNDLE_IDENTIFIER = com.minios.IosFeatureDemoTests;
				PRODUCT_NAME = "$(TARGET_NAME)";
				SWIFT_EMIT_LOC_STRINGS = NO;
				SWIFT_VERSION = 5.0;
				TARGETED_DEVICE_FAMILY = "1,2";
				TEST_HOST = "$(BUILT_PRODUCTS_DIR)/IosFeatureDemo.app/$(BUNDLE_EXECUTABLE_FOLDER_PATH)/IosFeatureDemo";
			};
			name = Debug;
		};
		C6AFD4462BADC13200065B26 /* Release */ = {
			isa = XCBuildConfiguration;
			buildSettings = {
				ALWAYS_EMBED_SWIFT_STANDARD_LIBRARIES = YES;
				BUNDLE_LOADER = "$(TEST_HOST)";
				CODE_SIGN_STYLE = Automatic;
				CURRENT_PROJECT_VERSION = 1;
				GENERATE_INFOPLIST_FILE = YES;
				IPHONEOS_DEPLOYMENT_TARGET = 17.4;
				MARKETING_VERSION = 1.0;
				PRODUCT_BUNDLE_IDENTIFIER = com.minios.IosFeatureDemoTests;
				PRODUCT_NAME = "$(TARGET_NAME)";
				SWIFT_EMIT_LOC_STRINGS = NO;
				SWIFT_VERSION = 5.0;
				TARGETED_DEVICE_FAMILY = "1,2";
				TEST_HOST = "$(BUILT_PRODUCTS_DIR)/IosFeatureDemo.app/$(BUNDLE_EXECUTABLE_FOLDER_PATH)/IosFeatureDemo";
			};
			name = Release;
		};
		C6AFD4482BADC13200065B26 /* Debug */ = {
			isa = XCBuildConfiguration;
			buildSettings = {
				ALWAYS_EMBED_SWIFT_STANDARD_LIBRARIES = YES;
				CODE_SIGN_STYLE = Automatic;
				CURRENT_PROJECT_VERSION = 1;
				GENERATE_INFOPLIST_FILE = YES;
				MARKETING_VERSION = 1.0;
				PRODUCT_BUNDLE_IDENTIFIER = com.minios.IosFeatureDemoUITests;
				PRODUCT_NAME = "$(TARGET_NAME)";
				SWIFT_EMIT_LOC_STRINGS = NO;
				SWIFT_VERSION = 5.0;
				TARGETED_DEVICE_FAMILY = "1,2";
				TEST_TARGET_NAME = IosFeatureDemo;
			};
			name = Debug;
		};
		C6AFD4492BADC13200065B26 /* Release */ = {
			isa = XCBuildConfiguration;
			buildSettings = {
				ALWAYS_EMBED_SWIFT_STANDARD_LIBRARIES = YES;
				CODE_SIGN_STYLE = Automatic;
				CURRENT_PROJECT_VERSION = 1;
				GENERATE_INFOPLIST_FILE = YES;
				MARKETING_VERSION = 1.0;
				PRODUCT_BUNDLE_IDENTIFIER = com.minios.IosFeatureDemoUITests;
				PRODUCT_NAME = "$(TARGET_NAME)";
				SWIFT_EMIT_LOC_STRINGS = NO;
				SWIFT_VERSION = 5.0;
				TARGETED_DEVICE_FAMILY = "1,2";
				TEST_TARGET_NAME = IosFeatureDemo;
			};
			name = Release;
		};
/* End XCBuildConfiguration section */

/* Begin XCConfigurationList section */
		C6AFD4122BADC13000065B26 /* Build configuration list for PBXProject "IosFeatureDemo" */ = {
			isa = XCConfigurationList;
			buildConfigurations = (
				C6AFD43F2BADC13200065B26 /* Debug */,
				C6AFD4402BADC13200065B26 /* Release */,
			);
			defaultConfigurationIsVisible = 0;
			defaultConfigurationName = Release;
		};
		C6AFD4412BADC13200065B26 /* Build configuration list for PBXNativeTarget "IosFeatureDemo" */ = {
			isa = XCConfigurationList;
			buildConfigurations = (
				C6AFD4422BADC13200065B26 /* Debug */,
				C6AFD4432BADC13200065B26 /* Release */,
			);
			defaultConfigurationIsVisible = 0;
			defaultConfigurationName = Release;
		};
		C6AFD4442BADC13200065B26 /* Build configuration list for PBXNativeTarget "IosFeatureDemoTests" */ = {
			isa = XCConfigurationList;
			buildConfigurations = (
				C6AFD4452BADC13200065B26 /* Debug */,
				C6AFD4462BADC13200065B26 /* Release */,
			);
			defaultConfigurationIsVisible = 0;
			defaultConfigurationName = Release;
		};
		C6AFD4472BADC13200065B26 /* Build configuration list for PBXNativeTarget "IosFeatureDemoUITests" */ = {
			isa = XCConfigurationList;
			buildConfigurations = (
				C6AFD4482BADC13200065B26 /* Debug */,
				C6AFD4492BADC13200065B26 /* Release */,
			);
			defaultConfigurationIsVisible = 0;
			defaultConfigurationName = Release;
		};
/* End XCConfigurationList section */
	};
	rootObject = C6AFD40F2BADC13000065B26 /* Project object */;
}
